{
  "name": "@northroad-craftworks/accounts",
  "version": "0.0.0-unreleased.0",
  "lockfileVersion": 2,
  "requires": true,
  "packages": {
    "": {
      "name": "@northroad-craftworks/accounts",
      "version": "0.0.0-unreleased.0",
      "license": "UNLICENSED",
      "devDependencies": {}
    }
  }
}
